
Microsoft Visual Studio Solution File, Format Version 10.00
# Visual Studio 2008
Project("{8BC9CEB8-8B4A-11D0-8D11-00A0C91BC942}") = "SpeedInputCOM", "SpeedInputCOM\SpeedTable.vcproj", "{DCD64B4C-8845-4502-AB0E-AF4429989105}"
EndProject
Global
	GlobalSection(SolutionConfigurationPlatforms) = preSolution
		Debug|SMDK2416 (ARMV4I) = Debug|SMDK2416 (ARMV4I)
		Release|SMDK2416 (ARMV4I) = Release|SMDK2416 (ARMV4I)
	EndGlobalSection
	GlobalSection(ProjectConfigurationPlatforms) = postSolution
		{DCD64B4C-8845-4502-AB0E-AF4429989105}.Debug|SMDK2416 (ARMV4I).ActiveCfg = Debug|SMDK2416 (ARMV4I)
		{DCD64B4C-8845-4502-AB0E-AF4429989105}.Debug|SMDK2416 (ARMV4I).Build.0 = Debug|SMDK2416 (ARMV4I)
		{DCD64B4C-8845-4502-AB0E-AF4429989105}.Debug|SMDK2416 (ARMV4I).Deploy.0 = Debug|SMDK2416 (ARMV4I)
		{DCD64B4C-8845-4502-AB0E-AF4429989105}.Release|SMDK2416 (ARMV4I).ActiveCfg = Release|SMDK2416 (ARMV4I)
		{DCD64B4C-8845-4502-AB0E-AF4429989105}.Release|SMDK2416 (ARMV4I).Build.0 = Release|SMDK2416 (ARMV4I)
		{DCD64B4C-8845-4502-AB0E-AF4429989105}.Release|SMDK2416 (ARMV4I).Deploy.0 = Release|SMDK2416 (ARMV4I)
	EndGlobalSection
	GlobalSection(SolutionProperties) = preSolution
		HideSolutionNode = FALSE
	EndGlobalSection
EndGlobal
